
Microsoft Visual Studio Solution File, Format Version 12.00
# Visual Studio Version 17
VisualStudioVersion = 17.5.002.0
MinimumVisualStudioVersion = 10.0.40219.1
Project("{2150E333-8FDC-42A3-9474-1A3956D46DE8}") = "software factory", "software factory", "{A0CF27D5-6F71-4505-A2EB-9E04DE18F844}"
EndProject
Project("{2150E333-8FDC-42A3-9474-1A3956D46DE8}") = "installer-connected", "installer-connected", "{6EB54CC3-68F6-417A-B8F0-F29ACFD453B8}"
EndProject
Project("{2150E333-8FDC-42A3-9474-1A3956D46DE8}") = "ring-0", "ring-0", "{C6C86502-F495-47B6-B1AD-D89C5CAC2F1C}"
EndProject
Project("{2150E333-8FDC-42A3-9474-1A3956D46DE8}") = "aks", "aks", "{0693810C-AC7A-40B6-9F37-AC60A67EE64E}"
EndProject
Project("{2150E333-8FDC-42A3-9474-1A3956D46DE8}") = "src", "src", "{9476D6AD-2A8A-4357-949F-7856CA601CCC}"
EndProject
Project("{2150E333-8FDC-42A3-9474-1A3956D46DE8}") = "sample-apps", "sample-apps", "{58C8A1AB-4C97-4600-BC75-FF5BCE9F21AA}"
EndProject
Project("{9A19103F-16F7-4668-BE54-9A1E7A4F7556}") = "aspnetcore", "software factory\installer-connected\ring-0\aks\src\sample-apps\aspnetcore\aspnetcore.csproj", "{DC20BCDD-463A-47E9-B6AE-ACA2B3F6D915}"
EndProject
Global
	GlobalSection(SolutionConfigurationPlatforms) = preSolution
		Debug|Any CPU = Debug|Any CPU
		Release|Any CPU = Release|Any CPU
	EndGlobalSection
	GlobalSection(ProjectConfigurationPlatforms) = postSolution
		{DC20BCDD-463A-47E9-B6AE-ACA2B3F6D915}.Debug|Any CPU.ActiveCfg = Debug|Any CPU
		{DC20BCDD-463A-47E9-B6AE-ACA2B3F6D915}.Debug|Any CPU.Build.0 = Debug|Any CPU
		{DC20BCDD-463A-47E9-B6AE-ACA2B3F6D915}.Release|Any CPU.ActiveCfg = Release|Any CPU
		{DC20BCDD-463A-47E9-B6AE-ACA2B3F6D915}.Release|Any CPU.Build.0 = Release|Any CPU
	EndGlobalSection
	GlobalSection(SolutionProperties) = preSolution
		HideSolutionNode = FALSE
	EndGlobalSection
	GlobalSection(NestedProjects) = preSolution
		{6EB54CC3-68F6-417A-B8F0-F29ACFD453B8} = {A0CF27D5-6F71-4505-A2EB-9E04DE18F844}
		{C6C86502-F495-47B6-B1AD-D89C5CAC2F1C} = {6EB54CC3-68F6-417A-B8F0-F29ACFD453B8}
		{0693810C-AC7A-40B6-9F37-AC60A67EE64E} = {C6C86502-F495-47B6-B1AD-D89C5CAC2F1C}
		{9476D6AD-2A8A-4357-949F-7856CA601CCC} = {0693810C-AC7A-40B6-9F37-AC60A67EE64E}
		{58C8A1AB-4C97-4600-BC75-FF5BCE9F21AA} = {9476D6AD-2A8A-4357-949F-7856CA601CCC}
		{DC20BCDD-463A-47E9-B6AE-ACA2B3F6D915} = {58C8A1AB-4C97-4600-BC75-FF5BCE9F21AA}
	EndGlobalSection
	GlobalSection(ExtensibilityGlobals) = postSolution
		SolutionGuid = {B8C39839-A65D-412A-AF83-12E8A393B592}
	EndGlobalSection
EndGlobal
